#MicroXplorer Configuration settings - do not modify
Mcu.Family=STM32L1
ProjectManager.MainLocation=Core/Src
PB13.GPIOParameters=GPIO_Label
PH0-OSC_IN.Signal=RCC_OSC_IN
ProjectManager.KeepUserCode=true
Mcu.UserName=STM32L151C8TxA
SPI1.VirtualType=VM_MASTER
RCC.PLLCLKFreq_Value=32000000
PB14.GPIO_Label=A_LED_GREEN
ProjectManager.functionlistsort=1-MX_GPIO_Init-GPIO-false-HAL-true,2-SystemClock_Config-RCC-false-LL-false,3-MX_TIM2_Init-TIM2-false-HAL-true,4-MX_I2C1_Init-I2C1-false-HAL-true,5-MX_SPI1_Init-SPI1-false-HAL-true
NVIC.EXTI3_IRQn=true\:1\:0\:true\:false\:true\:true\:true
RCC.RTCFreq_Value=37000
PA3.GPIOParameters=GPIO_Label
PB0.GPIO_Label=A_CODE_0
NVIC.SVC_IRQn=true\:0\:0\:false\:false\:true\:false\:false
PB13.GPIO_Label=DIR1_RELE
PB11.Signal=GPXTI11
PB13.Signal=GPIO_Output
PB15.Signal=GPIO_Output
PA2.GPIOParameters=GPIO_Label
PC15-OSC32_OUT.GPIO_Label=B_LED_BLUE
PinOutPanel.RotationAngle=0
RCC.SYSCLKSource=RCC_SYSCLKSOURCE_PLLCLK
ProjectManager.StackSize=0x400
Mcu.IP4=SYS
RCC.FCLKCortexFreq_Value=32000000
Mcu.IP5=TIM2
Mcu.IP2=RCC
Mcu.IP3=SPI1
PA15.GPIO_Label=SPI1_CS
Mcu.IP0=I2C1
Mcu.IP1=NVIC
SH.GPXTI3.ConfNb=1
Mcu.UserConstants=
Mcu.ThirdPartyNb=0
SPI1.Direction=SPI_DIRECTION_2LINES
RCC.HCLKFreq_Value=32000000
Mcu.IPNb=6
TIM2.IPParameters=Period,Prescaler,AutoReloadPreload
ProjectManager.PreviousToolchain=STM32CubeIDE
PC13-WKUP2.GPIO_Label=B_RELE
RCC.APB2TimFreq_Value=32000000
PB6.Signal=I2C1_SCL
PB6.Mode=I2C
SPI1.CalculateBaudRate=16.0 MBits/s
PA8.GPIOParameters=GPIO_Label
Mcu.Pin6=PA2
Mcu.Pin7=PA3
VP_TIM2_VS_ClockSourceINT.Signal=TIM2_VS_ClockSourceINT
Mcu.Pin8=PA4
Mcu.Pin9=PB0
RCC.AHBFreq_Value=32000000
PH0-OSC_IN.Mode=HSE-External-Oscillator
PB13.Locked=true
Mcu.Pin0=PC13-WKUP2
Mcu.Pin1=PC14-OSC32_IN
GPIO.groupedBy=Group By Peripherals
Mcu.Pin2=PC15-OSC32_OUT
Mcu.Pin3=PH0-OSC_IN
Mcu.Pin4=PH1-OSC_OUT
NVIC.EXTI15_10_IRQn=true\:1\:0\:true\:false\:true\:true\:true
Mcu.Pin5=PA1
ProjectManager.ProjectBuild=false
RCC.HSE_VALUE=8000000
PC13-WKUP2.Signal=GPIO_Output
NVIC.UsageFault_IRQn=true\:0\:0\:false\:false\:true\:false\:false
NVIC.DebugMonitor_IRQn=true\:0\:0\:false\:false\:true\:false\:false
PB2.Signal=GPIO_Output
PB3.Mode=Full_Duplex_Master
PA8.Locked=true
PA4.Locked=true
NVIC.SysTick_IRQn=true\:0\:0\:false\:false\:true\:false\:true
RCC.PLLMUL=RCC_PLL_MUL8
PC13-WKUP2.GPIOParameters=GPIO_Label
PB12.GPIO_Label=PHET
ProjectManager.FirmwarePackage=STM32Cube FW_L1 V1.10.3
MxDb.Version=DB.6.0.21
PB0.GPIOParameters=GPIO_Label
PA1.GPIOParameters=GPIO_Label
PB4.Mode=Full_Duplex_Master
ProjectManager.BackupPrevious=false
RCC.VCOInputFreq_Value=8000000
PA14.Mode=Serial_Wire
PB1.GPIO_Label=A_CODE_1
PB5.Mode=Full_Duplex_Master
NVIC.TIM2_IRQn=true\:0\:0\:false\:false\:true\:true\:true
File.Version=6
PB7.Signal=I2C1_SDA
PB8.Locked=true
PA8.Signal=GPIO_Output
SH.GPXTI11.ConfNb=1
PB6.Locked=true
NVIC.PendSV_IRQn=true\:0\:0\:false\:false\:true\:false\:false
ProjectManager.HalAssertFull=false
PB0.Locked=true
PC14-OSC32_IN.GPIOParameters=GPIO_Label
ProjectManager.ProjectName=RelayBypass_STM32L151C8
PH1-OSC_OUT.Mode=HSE-External-Oscillator
Mcu.Package=LQFP48
PB9.Signal=GPIO_Output
TIM2.Prescaler=32000
PB1.Signal=GPIO_Input
SH.GPXTI11.0=GPIO_EXTI11
ProjectManager.ToolChainLocation=
PA2.GPIO_Label=B_CODE_0
RCC.LSI_VALUE=37000
VP_SYS_VS_Systick.Signal=SYS_VS_Systick
PA15.Signal=GPIO_Output
PB14.GPIOParameters=GPIO_Label
RCC.APB1TimFreq_Value=32000000
NVIC.BusFault_IRQn=true\:0\:0\:false\:false\:true\:false\:false
PC14-OSC32_IN.GPIO_Label=DIR0_RELE
PC15-OSC32_OUT.GPIOParameters=GPIO_Label
PA4.GPIO_Label=A_RELE
ProjectManager.CustomerFirmwarePackage=
PC14-OSC32_IN.Locked=true
PB15.Locked=true
PB3.Locked=true
PB4.Signal=SPI1_MISO
PA3.Signal=GPXTI3
RCC.TIMFreq_Value=32000000
PA2.Locked=true
RCC.MSI_VALUE=2097000
RCC.PLLSourceVirtual=RCC_PLLSOURCE_HSE
ProjectManager.ProjectFileName=RelayBypass_STM32L151C8.ioc
PB8.GPIOParameters=GPIO_Label
PB9.GPIO_Label=B_LED_RED
Mcu.PinsNb=30
PA15.GPIOParameters=GPIO_Label
ProjectManager.NoMain=false
SPI1.IPParameters=VirtualType,Mode,Direction,CalculateBaudRate
PB11.GPIO_Label=A_BTN
ProjectManager.DefaultFWLocation=true
PB12.Locked=true
ProjectManager.DeletePrevious=true
PB14.Locked=true
PC14-OSC32_IN.Signal=GPIO_Output
RCC.TimerFreq_Value=32000000
RCC.FamilyName=M
PB9.GPIOParameters=GPIO_Label
PA13.Signal=SYS_JTMS-SWDIO
PB8.GPIO_Label=B_LED_GREEN
PA15.Locked=true
PA8.GPIO_Label=A_LED_RED
PC15-OSC32_OUT.Locked=true
ProjectManager.TargetToolchain=STM32CubeIDE
PB2.GPIOParameters=GPIO_Label
PB11.GPIOParameters=GPIO_Label
PB5.Locked=true
PB9.Locked=true
ProjectManager.RegisterCallBack=
RCC.LSE_VALUE=32768
PC15-OSC32_OUT.Signal=GPIO_Output
PA1.Signal=GPIO_Input
PB1.Locked=true
PB14.Signal=GPIO_Output
RCC.MCOPinFreq_Value=32000000
board=custom
SH.GPXTI3.0=GPIO_EXTI3
RCC.VCOOutputFreq_Value=64000000
ProjectManager.LastFirmware=true
RCC.APB2Freq_Value=32000000
MxCube.Version=6.2.1
PB15.GPIO_Label=A_LED_BLUE
VP_TIM2_VS_ClockSourceINT.Mode=Internal
SPI1.Mode=SPI_MODE_MASTER
PA1.GPIO_Label=B_CODE_1
VP_SYS_VS_Systick.Mode=SysTick
PH1-OSC_OUT.Signal=RCC_OSC_OUT
NVIC.NonMaskableInt_IRQn=true\:0\:0\:false\:false\:true\:false\:false
PA4.GPIOParameters=GPIO_Label
TIM2.Period=125
PB15.GPIOParameters=GPIO_Label
PA13.Mode=Serial_Wire
ProjectManager.FreePins=false
RCC.IPParameters=48MHZClocksFreq_Value,AHBFreq_Value,APB1Freq_Value,APB1TimFreq_Value,APB2Freq_Value,APB2TimFreq_Value,FCLKCortexFreq_Value,FamilyName,HCLKFreq_Value,HSE_VALUE,HSI_VALUE,LSE_VALUE,LSI_VALUE,MCOPinFreq_Value,MSI_VALUE,PLLCLKFreq_Value,PLLMUL,PLLSourceVirtual,PWRFreq_Value,RTCFreq_Value,RTCHSEDivFreq_Value,SYSCLKFreq_VALUE,SYSCLKSource,TIMFreq_Value,TimerFreq_Value,VCOInputFreq_Value,VCOOutputFreq_Value
ProjectManager.AskForMigrate=true
Mcu.Name=STM32L151C(6-8-B)TxA
Mcu.Pin26=PB8
Mcu.Pin27=PB9
RCC.RTCHSEDivFreq_Value=4000000
PA2.Signal=GPIO_Input
Mcu.Pin24=PB6
ProjectManager.UnderRoot=true
Mcu.Pin25=PB7
PB2.Locked=true
Mcu.Pin28=VP_SYS_VS_Systick
Mcu.Pin29=VP_TIM2_VS_ClockSourceINT
ProjectManager.CoupleFile=true
PB4.Locked=true
RCC.48MHZClocksFreq_Value=32000000
PB3.Signal=SPI1_SCK
PA4.Signal=GPIO_Output
RCC.SYSCLKFreq_VALUE=32000000
PB5.Signal=SPI1_MOSI
Mcu.Pin22=PB4
Mcu.Pin23=PB5
PA1.Locked=true
Mcu.Pin20=PA15
PA3.Locked=true
PC13-WKUP2.Locked=true
Mcu.Pin21=PB3
NVIC.ForceEnableDMAVector=true
KeepUserPlacement=false
NVIC.MemoryManagement_IRQn=true\:0\:0\:false\:false\:true\:false\:false
ProjectManager.CompilerOptimize=6
PB7.Mode=I2C
PA14.Signal=SYS_JTCK-SWCLK
PB2.GPIO_Label=MCU_PROG
ProjectManager.HeapSize=0x200
Mcu.Pin15=PB14
NVIC.HardFault_IRQn=true\:0\:0\:false\:false\:true\:false\:false
Mcu.Pin16=PB15
Mcu.Pin13=PB12
Mcu.Pin14=PB13
Mcu.Pin19=PA14
ProjectManager.ComputerToolchain=false
Mcu.Pin17=PA8
RCC.HSI_VALUE=16000000
Mcu.Pin18=PA13
NVIC.PriorityGroup=NVIC_PRIORITYGROUP_4
Mcu.Pin11=PB2
Mcu.Pin12=PB11
Mcu.Pin10=PB1
PB7.Locked=true
PB8.Signal=GPIO_Output
TIM2.AutoReloadPreload=TIM_AUTORELOAD_PRELOAD_ENABLE
RCC.PWRFreq_Value=32000000
RCC.APB1Freq_Value=32000000
PB0.Signal=GPIO_Input
PB11.Locked=true
ProjectManager.DeviceId=STM32L151C8TxA
PB12.GPIOParameters=GPIO_Label
PB12.Signal=GPIO_Output
ProjectManager.LibraryCopy=1
PA3.GPIO_Label=B_BTN
PB1.GPIOParameters=GPIO_Label
isbadioc=false
