#MicroXplorer Configuration settings - do not modify
Mcu.Family=STM32F1
NVIC.SysTick_IRQn=true\:0\:0\:false\:false\:true\:false\:true
ProjectManager.LastFirmware=true
ProjectManager.MainLocation=Core/Src
ProjectManager.FirmwarePackage=STM32Cube FW_F1 V1.8.4
MxDb.Version=DB.6.0.20
ProjectManager.ProjectFileName=TapTempo_Discovery.ioc
RCC.APB2Freq_Value=8000000
PB4.Mode=Full_Duplex_Master
ProjectManager.BackupPrevious=false
MxCube.Version=6.2.1
SPI1.Mode=SPI_MODE_MASTER
ProjectManager.KeepUserCode=true
PA14.Mode=Serial_Wire
Mcu.UserName=STM32F100RBTx
Mcu.PinsNb=7
SPI1.VirtualType=VM_MASTER
ProjectManager.NoMain=false
SPI1.IPParameters=VirtualType,Mode,Direction,CalculateBaudRate
PB5.Mode=Full_Duplex_Master
File.Version=6
VP_SYS_VS_Systick.Mode=SysTick
RCC.PLLCLKFreq_Value=8000000
NVIC.NonMaskableInt_IRQn=true\:0\:0\:false\:false\:true\:false\:false
NVIC.PendSV_IRQn=true\:0\:0\:false\:false\:true\:false\:false
ProjectManager.functionlistsort=1-SystemClock_Config-RCC-false-HAL-false
PA13.Mode=Serial_Wire
ProjectManager.FreePins=false
RCC.IPParameters=APB1Freq_Value,APB2Freq_Value,FamilyName,PLLCLKFreq_Value,PLLMCOFreq_Value,TimSysFreq_Value
ProjectManager.DefaultFWLocation=true
ProjectManager.AskForMigrate=true
Mcu.Name=STM32F100R(8-B)Tx
PD2.Locked=true
ProjectManager.HalAssertFull=false
PD2.GPIOParameters=GPIO_Label
ProjectManager.DeletePrevious=true
ProjectManager.ProjectName=TapTempo_Discovery
ProjectManager.UnderRoot=true
RCC.PLLMCOFreq_Value=4000000
ProjectManager.CoupleFile=false
PB3.Signal=SPI1_SCK
PinOutPanel.RotationAngle=0
PB5.Signal=SPI1_MOSI
Mcu.Package=LQFP64
RCC.FamilyName=M
RCC.TimSysFreq_Value=8000000
ProjectManager.StackSize=0x400
NVIC.ForceEnableDMAVector=true
KeepUserPlacement=false
PA13.Signal=SYS_JTMS-SWDIO
NVIC.MemoryManagement_IRQn=true\:0\:0\:false\:false\:true\:false\:false
ProjectManager.CompilerOptimize=6
NVIC.SVCall_IRQn=true\:0\:0\:false\:false\:true\:false\:false
Mcu.IP2=SPI1
ProjectManager.ToolChainLocation=
Mcu.IP3=SYS
VP_SYS_VS_Systick.Signal=SYS_VS_Systick
Mcu.IP0=NVIC
Mcu.IP1=RCC
PA14.Signal=SYS_JTCK-SWCLK
ProjectManager.HeapSize=0x200
NVIC.HardFault_IRQn=true\:0\:0\:false\:false\:true\:false\:false
Mcu.UserConstants=
ProjectManager.TargetToolchain=STM32CubeIDE
ProjectManager.ComputerToolchain=false
Mcu.ThirdPartyNb=0
NVIC.PriorityGroup=NVIC_PRIORITYGROUP_4
SPI1.Direction=SPI_DIRECTION_2LINES
Mcu.IPNb=4
ProjectManager.PreviousToolchain=
NVIC.BusFault_IRQn=true\:0\:0\:false\:false\:true\:false\:false
PB5.Locked=true
SPI1.CalculateBaudRate=4.0 MBits/s
Mcu.Pin6=VP_SYS_VS_Systick
ProjectManager.RegisterCallBack=
PD2.Signal=GPIO_Output
RCC.APB1Freq_Value=8000000
Mcu.Pin0=PA13
Mcu.Pin1=PA14
Mcu.Pin2=PD2
ProjectManager.CustomerFirmwarePackage=
Mcu.Pin3=PB3
ProjectManager.DeviceId=STM32F100RBTx
Mcu.Pin4=PB4
PD2.GPIO_Label=SPI1_CS
Mcu.Pin5=PB5
ProjectManager.LibraryCopy=1
ProjectManager.ProjectBuild=false
PB3.Locked=true
PB4.Signal=SPI1_MISO
NVIC.UsageFault_IRQn=true\:0\:0\:false\:false\:true\:false\:false
NVIC.DebugMonitor_IRQn=true\:0\:0\:false\:false\:true\:false\:false
PB3.Mode=Full_Duplex_Master
board=custom
isbadioc=false
