#MicroXplorer Configuration settings - do not modify
Mcu.Family=STM32F1
ProjectManager.MainLocation=Core/Src
RCC.MCOFreq_Value=16000000
ProjectManager.ProjectFileName=MicroSdBootloader.ioc
PB9.GPIO_Label=B_LED_RED
ProjectManager.KeepUserCode=true
Mcu.UserName=STM32F101C4Tx
Mcu.PinsNb=10
SPI1.VirtualType=VM_MASTER
ProjectManager.NoMain=false
SPI1.IPParameters=VirtualType,Mode,Direction,CalculateBaudRate,BaudRatePrescaler
RCC.PLLCLKFreq_Value=16000000
ProjectManager.functionlistsort=1-MX_GPIO_Init-GPIO-false-HAL-true,2-SystemClock_Config-RCC-false-LL-false,3-MX_SPI1_Init-SPI1-false-HAL-true
RCC.ADCFreqValue=4000000
ProjectManager.DefaultFWLocation=true
ProjectManager.DeletePrevious=true
PB10.Locked=true
PinOutPanel.RotationAngle=0
RCC.FamilyName=M
RCC.SYSCLKSource=RCC_SYSCLKSOURCE_PLLCLK
ProjectManager.StackSize=0x400
PB9.GPIOParameters=GPIO_Label
RCC.ADCPresc=RCC_ADCPCLK2_DIV4
PA13.Signal=SYS_JTMS-SWDIO
RCC.FCLKCortexFreq_Value=16000000
Mcu.IP2=SPI1
NVIC.SVCall_IRQn=true\:0\:0\:false\:false\:true\:false\:false
Mcu.IP3=SYS
Mcu.IP0=NVIC
Mcu.IP1=RCC
PA8.GPIO_Label=A_LED_RED
Mcu.UserConstants=
ProjectManager.TargetToolchain=STM32CubeIDE
PB10.GPIO_Label=SPI1_CS2
Mcu.ThirdPartyNb=0
SPI1.Direction=SPI_DIRECTION_2LINES
RCC.HCLKFreq_Value=16000000
Mcu.IPNb=4
ProjectManager.PreviousToolchain=STM32CubeIDE
PB2.GPIOParameters=GPIO_Label
PB9.Locked=true
SPI1.CalculateBaudRate=125.0 KBits/s
PA8.GPIOParameters=GPIO_Label
Mcu.Pin6=PB4
Mcu.Pin7=PB5
ProjectManager.RegisterCallBack=
Mcu.Pin8=PB9
Mcu.Pin9=VP_SYS_VS_Systick
RCC.AHBFreq_Value=16000000
Mcu.Pin0=PB2
Mcu.Pin1=PB10
GPIO.groupedBy=Group By Peripherals
PB10.Signal=GPIO_Output
Mcu.Pin2=PA8
Mcu.Pin3=PA13
Mcu.Pin4=PA14
Mcu.Pin5=PB3
ProjectManager.ProjectBuild=false
NVIC.UsageFault_IRQn=true\:0\:0\:false\:false\:true\:false\:false
NVIC.DebugMonitor_IRQn=true\:0\:0\:false\:false\:true\:false\:false
PB2.Signal=GPIO_Output
PB3.Mode=Full_Duplex_Master
PA8.Locked=true
board=custom
NVIC.SysTick_IRQn=true\:0\:0\:false\:false\:true\:false\:true
ProjectManager.LastFirmware=true
RCC.PLLMUL=RCC_PLL_MUL4
RCC.VCOOutput2Freq_Value=4000000
ProjectManager.FirmwarePackage=STM32Cube FW_F1 V1.8.3
MxDb.Version=DB.6.0.20
RCC.APB2Freq_Value=16000000
PB4.Mode=Full_Duplex_Master
ProjectManager.BackupPrevious=false
MxCube.Version=6.2.0
SPI1.Mode=SPI_MODE_MASTER
PA14.Mode=Serial_Wire
PB5.Mode=Full_Duplex_Master
File.Version=6
VP_SYS_VS_Systick.Mode=SysTick
PA8.Signal=GPIO_Output
NVIC.NonMaskableInt_IRQn=true\:0\:0\:false\:false\:true\:false\:false
NVIC.PendSV_IRQn=true\:0\:0\:false\:false\:true\:false\:false
PA13.Mode=Serial_Wire
ProjectManager.FreePins=false
RCC.IPParameters=ADCFreqValue,ADCPresc,AHBFreq_Value,APB1Freq_Value,APB1TimFreq_Value,APB2Freq_Value,FCLKCortexFreq_Value,FamilyName,HCLKFreq_Value,MCOFreq_Value,PLLCLKFreq_Value,PLLMCOFreq_Value,PLLMUL,SYSCLKFreq_VALUE,SYSCLKSource,TimSysFreq_Value,VCOOutput2Freq_Value
ProjectManager.AskForMigrate=true
Mcu.Name=STM32F101C(4-6)Tx
ProjectManager.HalAssertFull=false
ProjectManager.ProjectName=MicroSdBootloader
ProjectManager.UnderRoot=true
PB2.Locked=true
RCC.PLLMCOFreq_Value=8000000
ProjectManager.CoupleFile=true
PB3.Signal=SPI1_SCK
RCC.SYSCLKFreq_VALUE=16000000
Mcu.Package=LQFP48
PB5.Signal=SPI1_MOSI
PB9.Signal=GPIO_Output
RCC.TimSysFreq_Value=16000000
NVIC.ForceEnableDMAVector=true
KeepUserPlacement=false
NVIC.MemoryManagement_IRQn=true\:0\:0\:false\:false\:true\:false\:false
ProjectManager.CompilerOptimize=6
ProjectManager.ToolChainLocation=
VP_SYS_VS_Systick.Signal=SYS_VS_Systick
PA14.Signal=SYS_JTCK-SWCLK
PB2.GPIO_Label=MCU_PROG
ProjectManager.HeapSize=0x200
NVIC.HardFault_IRQn=true\:0\:0\:false\:false\:true\:false\:false
ProjectManager.ComputerToolchain=false
NVIC.PriorityGroup=NVIC_PRIORITYGROUP_4
RCC.APB1TimFreq_Value=16000000
NVIC.BusFault_IRQn=true\:0\:0\:false\:false\:true\:false\:false
PB10.GPIOParameters=GPIO_Label
RCC.APB1Freq_Value=16000000
SPI1.BaudRatePrescaler=SPI_BAUDRATEPRESCALER_128
ProjectManager.CustomerFirmwarePackage=
ProjectManager.DeviceId=STM32F101C4Tx
ProjectManager.LibraryCopy=1
PB4.Signal=SPI1_MISO
isbadioc=false
