
Microsoft Visual Studio Solution File, Format Version 12.00
# Visual Studio Version 16
VisualStudioVersion = 16.0.31129.286
MinimumVisualStudioVersion = 10.0.40219.1
Project("{8BC9CEB8-8B4A-11D0-8D11-00A0C91BC942}") = "MicroSdBootloaderTests", "MicroSdBootloaderTests\MicroSdBootloaderTests.vcxproj", "{B979BC28-442E-4C97-A294-5F5CFF6418BA}"
EndProject
Project("{8BC9CEB8-8B4A-11D0-8D11-00A0C91BC942}") = "ProductionCodeLib", "ProductionCodeLib\ProductionCodeLib.vcxproj", "{E89B0690-10AC-4A97-AD53-566A58DE5486}"
EndProject
Global
	GlobalSection(SolutionConfigurationPlatforms) = preSolution
		Debug|x64 = Debug|x64
		Debug|x86 = Debug|x86
		Release|x64 = Release|x64
		Release|x86 = Release|x86
	EndGlobalSection
	GlobalSection(ProjectConfigurationPlatforms) = postSolution
		{B979BC28-442E-4C97-A294-5F5CFF6418BA}.Debug|x64.ActiveCfg = Debug|x64
		{B979BC28-442E-4C97-A294-5F5CFF6418BA}.Debug|x64.Build.0 = Debug|x64
		{B979BC28-442E-4C97-A294-5F5CFF6418BA}.Debug|x86.ActiveCfg = Debug|Win32
		{B979BC28-442E-4C97-A294-5F5CFF6418BA}.Debug|x86.Build.0 = Debug|Win32
		{B979BC28-442E-4C97-A294-5F5CFF6418BA}.Release|x64.ActiveCfg = Release|x64
		{B979BC28-442E-4C97-A294-5F5CFF6418BA}.Release|x64.Build.0 = Release|x64
		{B979BC28-442E-4C97-A294-5F5CFF6418BA}.Release|x86.ActiveCfg = Release|Win32
		{B979BC28-442E-4C97-A294-5F5CFF6418BA}.Release|x86.Build.0 = Release|Win32
		{E89B0690-10AC-4A97-AD53-566A58DE5486}.Debug|x64.ActiveCfg = Debug|x64
		{E89B0690-10AC-4A97-AD53-566A58DE5486}.Debug|x64.Build.0 = Debug|x64
		{E89B0690-10AC-4A97-AD53-566A58DE5486}.Debug|x86.ActiveCfg = Debug|Win32
		{E89B0690-10AC-4A97-AD53-566A58DE5486}.Debug|x86.Build.0 = Debug|Win32
		{E89B0690-10AC-4A97-AD53-566A58DE5486}.Release|x64.ActiveCfg = Release|x64
		{E89B0690-10AC-4A97-AD53-566A58DE5486}.Release|x64.Build.0 = Release|x64
		{E89B0690-10AC-4A97-AD53-566A58DE5486}.Release|x86.ActiveCfg = Release|Win32
		{E89B0690-10AC-4A97-AD53-566A58DE5486}.Release|x86.Build.0 = Release|Win32
	EndGlobalSection
	GlobalSection(SolutionProperties) = preSolution
		HideSolutionNode = FALSE
	EndGlobalSection
	GlobalSection(ExtensibilityGlobals) = postSolution
		SolutionGuid = {C480D2C2-2F49-46C4-84F8-70EB691C929B}
	EndGlobalSection
EndGlobal
