<?xml version="1.0" encoding="utf-8"?>
<Project ToolsVersion="4.0" xmlns="http://schemas.microsoft.com/developer/msbuild/2003">
  <ItemGroup>
    <Filter Include="Source Files">
      <UniqueIdentifier>{4FC737F1-C7A5-4376-A066-2A32D752A2FF}</UniqueIdentifier>
      <Extensions>cpp;c;cc;cxx;c++;cppm;ixx;def;odl;idl;hpj;bat;asm;asmx</Extensions>
    </Filter>
    <Filter Include="Header Files">
      <UniqueIdentifier>{93995380-89BD-4b04-88EB-625FBE52EBFB}</UniqueIdentifier>
      <Extensions>h;hh;hpp;hxx;h++;hm;inl;inc;ipp;xsd</Extensions>
    </Filter>
    <Filter Include="Resource Files">
      <UniqueIdentifier>{67DA6AB6-F800-4c08-8B7A-83BB121AAD01}</UniqueIdentifier>
      <Extensions>rc;ico;cur;bmp;dlg;rc2;rct;bin;rgs;gif;jpg;jpeg;jpe;resx;tiff;tif;png;wav;mfcribbon-ms</Extensions>
    </Filter>
    <Filter Include="HAL Spies">
      <UniqueIdentifier>{0c35c069-5d55-4c40-8f04-d7c65a567770}</UniqueIdentifier>
    </Filter>
    <Filter Include="HAL Spies\L1">
      <UniqueIdentifier>{f74cf970-0427-4306-a409-e002aad43816}</UniqueIdentifier>
    </Filter>
    <Filter Include="HAL Spies\F1">
      <UniqueIdentifier>{55fc6acc-a17f-4c6f-bd63-650d0d80f877}</UniqueIdentifier>
    </Filter>
    <Filter Include="HAL Spies\Common">
      <UniqueIdentifier>{cad48ad6-e4ee-45ed-adfb-a38628b0d539}</UniqueIdentifier>
    </Filter>
  </ItemGroup>
  <ItemGroup>
    <ClCompile Include="TestsForStm32.cpp">
      <Filter>Source Files</Filter>
    </ClCompile>
    <ClCompile Include="SerialSpy.c">
      <Filter>Source Files</Filter>
    </ClCompile>
    <ClCompile Include="SerialTests.cpp">
      <Filter>Source Files</Filter>
    </ClCompile>
    <ClCompile Include="AdcSpy.c">
      <Filter>HAL Spies\Common</Filter>
    </ClCompile>
    <ClCompile Include="GpioSpy.c">
      <Filter>HAL Spies\Common</Filter>
    </ClCompile>
    <ClCompile Include="TimSpy.c">
      <Filter>HAL Spies\Common</Filter>
    </ClCompile>
    <ClCompile Include="GpioSpyMimic.c">
      <Filter>HAL Spies\Common</Filter>
    </ClCompile>
    <ClCompile Include="GpioSpyConstructor.c">
      <Filter>HAL Spies\Common</Filter>
    </ClCompile>
    <ClCompile Include="ExecutorTestsConstructor.cpp">
      <Filter>Source Files</Filter>
    </ClCompile>
    <ClCompile Include="ExecutorTestsMimic.cpp">
      <Filter>Source Files</Filter>
    </ClCompile>
  </ItemGroup>
  <ItemGroup>
    <ClInclude Include="AdcSpy.h">
      <Filter>HAL Spies\Common</Filter>
    </ClInclude>
    <ClInclude Include="GpioSpy.h">
      <Filter>HAL Spies\Common</Filter>
    </ClInclude>
    <ClInclude Include="stm32f1xx_hal.h">
      <Filter>HAL Spies\F1</Filter>
    </ClInclude>
    <ClInclude Include="stm32l1xx_hal.h">
      <Filter>HAL Spies\L1</Filter>
    </ClInclude>
    <ClInclude Include="TimSpy.h">
      <Filter>HAL Spies\Common</Filter>
    </ClInclude>
    <ClInclude Include="SerialSpy.h">
      <Filter>HAL Spies\Common</Filter>
    </ClInclude>
    <ClInclude Include="stm32l1xx_ll_bus.h">
      <Filter>HAL Spies\L1</Filter>
    </ClInclude>
    <ClInclude Include="stm32l1xx_ll_cortex.h">
      <Filter>HAL Spies\L1</Filter>
    </ClInclude>
    <ClInclude Include="stm32l1xx_ll_dma.h">
      <Filter>HAL Spies\L1</Filter>
    </ClInclude>
    <ClInclude Include="stm32l1xx_ll_exti.h">
      <Filter>HAL Spies\L1</Filter>
    </ClInclude>
    <ClInclude Include="stm32l1xx_ll_gpio.h">
      <Filter>HAL Spies\L1</Filter>
    </ClInclude>
    <ClInclude Include="stm32l1xx_ll_pwr.h">
      <Filter>HAL Spies\L1</Filter>
    </ClInclude>
    <ClInclude Include="stm32l1xx_ll_rcc.h">
      <Filter>HAL Spies\L1</Filter>
    </ClInclude>
    <ClInclude Include="stm32l1xx_ll_system.h">
      <Filter>HAL Spies\L1</Filter>
    </ClInclude>
    <ClInclude Include="stm32l1xx_ll_utils.h">
      <Filter>HAL Spies\L1</Filter>
    </ClInclude>
    <ClInclude Include="stm32f1xx_ll_rcc.h">
      <Filter>HAL Spies\F1</Filter>
    </ClInclude>
    <ClInclude Include="stm32f1xx_ll_bus.h">
      <Filter>HAL Spies\F1</Filter>
    </ClInclude>
    <ClInclude Include="stm32f1xx_ll_cortex.h">
      <Filter>HAL Spies\F1</Filter>
    </ClInclude>
    <ClInclude Include="stm32f1xx_ll_dma.h">
      <Filter>HAL Spies\F1</Filter>
    </ClInclude>
    <ClInclude Include="stm32f1xx_ll_exti.h">
      <Filter>HAL Spies\F1</Filter>
    </ClInclude>
    <ClInclude Include="stm32f1xx_ll_gpio.h">
      <Filter>HAL Spies\F1</Filter>
    </ClInclude>
    <ClInclude Include="stm32f1xx_ll_pwr.h">
      <Filter>HAL Spies\F1</Filter>
    </ClInclude>
    <ClInclude Include="stm32f1xx_ll_system.h">
      <Filter>HAL Spies\F1</Filter>
    </ClInclude>
    <ClInclude Include="stm32f1xx_ll_utils.h">
      <Filter>HAL Spies\F1</Filter>
    </ClInclude>
    <ClInclude Include="GpioSpyConstructor.h">
      <Filter>HAL Spies\Common</Filter>
    </ClInclude>
    <ClInclude Include="GpioSpyMimic.h">
      <Filter>HAL Spies\Common</Filter>
    </ClInclude>
  </ItemGroup>
</Project>